// !$*UTF8*$!
{
	archiveVersion = 1;
	classes = {
	};
	objectVersion = 55;
	objects = {

/* Begin PBXBuildFile section */
		BEA22315285A5FDD0068280A /* AppDelegate.swift in Sources */ = {isa = PBXBuildFile; fileRef = BEA22314285A5FDD0068280A /* AppDelegate.swift */; };
		BEA22317285A5FDD0068280A /* SceneDelegate.swift in Sources */ = {isa = PBXBuildFile; fileRef = BEA22316285A5FDD0068280A /* SceneDelegate.swift */; };
		BEA22319285A5FDD0068280A /* CollectionVC.swift in Sources */ = {isa = PBXBuildFile; fileRef = BEA22318285A5FDD0068280A /* CollectionVC.swift */; };
		BEA2231E285A5FE10068280A /* Assets.xcassets in Resources */ = {isa = PBXBuildFile; fileRef = BEA2231D285A5FE10068280A /* Assets.xcassets */; };
		BEA22321285A5FE10068280A /* LaunchScreen.storyboard in Resources */ = {isa = PBXBuildFile; fileRef = BEA2231F285A5FE10068280A /* LaunchScreen.storyboard */; };
		BEBE8F82285B23A2002816FC /* NumberCell.swift in Sources */ = {isa = PBXBuildFile; fileRef = BEBE8F81285B23A2002816FC /* NumberCell.swift */; };
		BEBE8F84285B2F21002816FC /* ImageCell.swift in Sources */ = {isa = PBXBuildFile; fileRef = BEBE8F83285B2F21002816FC /* ImageCell.swift */; };
		BEBE8F86285B37BA002816FC /* SelfConfiguringCell.swift in Sources */ = {isa = PBXBuildFile; fileRef = BEBE8F85285B37BA002816FC /* SelfConfiguringCell.swift */; };
		BEBE8F88285BBED0002816FC /* NetworkService.swift in Sources */ = {isa = PBXBuildFile; fileRef = BEBE8F87285BBED0002816FC /* NetworkService.swift */; };
		BEBE8F8A285BC143002816FC /* Albums.swift in Sources */ = {isa = PBXBuildFile; fileRef = BEBE8F89285BC143002816FC /* Albums.swift */; };
/* End PBXBuildFile section */

/* Begin PBXFileReference section */
		BEA22311285A5FDD0068280A /* Custom photos collection.app */ = {isa = PBXFileReference; explicitFileType = wrapper.application; includeInIndex = 0; path = "Custom photos collection.app"; sourceTree = BUILT_PRODUCTS_DIR; };
		BEA22314285A5FDD0068280A /* AppDelegate.swift */ = {isa = PBXFileReference; lastKnownFileType = sourcecode.swift; path = AppDelegate.swift; sourceTree = "<group>"; };
		BEA22316285A5FDD0068280A /* SceneDelegate.swift */ = {isa = PBXFileReference; lastKnownFileType = sourcecode.swift; path = SceneDelegate.swift; sourceTree = "<group>"; };
		BEA22318285A5FDD0068280A /* CollectionVC.swift */ = {isa = PBXFileReference; lastKnownFileType = sourcecode.swift; path = CollectionVC.swift; sourceTree = "<group>"; };
		BEA2231D285A5FE10068280A /* Assets.xcassets */ = {isa = PBXFileReference; lastKnownFileType = folder.assetcatalog; path = Assets.xcassets; sourceTree = "<group>"; };
		BEA22320285A5FE10068280A /* Base */ = {isa = PBXFileReference; lastKnownFileType = file.storyboard; name = Base; path = Base.lproj/LaunchScreen.storyboard; sourceTree = "<group>"; };
		BEA22322285A5FE10068280A /* Info.plist */ = {isa = PBXFileReference; lastKnownFileType = text.plist.xml; path = Info.plist; sourceTree = "<group>"; };
		BEBE8F81285B23A2002816FC /* NumberCell.swift */ = {isa = PBXFileReference; lastKnownFileType = sourcecode.swift; path = NumberCell.swift; sourceTree = "<group>"; };
		BEBE8F83285B2F21002816FC /* ImageCell.swift */ = {isa = PBXFileReference; lastKnownFileType = sourcecode.swift; path = ImageCell.swift; sourceTree = "<group>"; };
		BEBE8F85285B37BA002816FC /* SelfConfiguringCell.swift */ = {isa = PBXFileReference; lastKnownFileType = sourcecode.swift; path = SelfConfiguringCell.swift; sourceTree = "<group>"; };
		BEBE8F87285BBED0002816FC /* NetworkService.swift */ = {isa = PBXFileReference; lastKnownFileType = sourcecode.swift; path = NetworkService.swift; sourceTree = "<group>"; };
		BEBE8F89285BC143002816FC /* Albums.swift */ = {isa = PBXFileReference; lastKnownFileType = sourcecode.swift; path = Albums.swift; sourceTree = "<group>"; };
/* End PBXFileReference section */

/* Begin PBXFrameworksBuildPhase section */
		BEA2230E285A5FDD0068280A /* Frameworks */ = {
			isa = PBXFrameworksBuildPhase;
			buildActionMask = 2147483647;
			files = (
			);
			runOnlyForDeploymentPostprocessing = 0;
		};
/* End PBXFrameworksBuildPhase section */

/* Begin PBXGroup section */
		BEA22308285A5FDD0068280A = {
			isa = PBXGroup;
			children = (
				BEA22313285A5FDD0068280A /* Custom photos collection */,
				BEA22312285A5FDD0068280A /* Products */,
			);
			sourceTree = "<group>";
		};
		BEA22312285A5FDD0068280A /* Products */ = {
			isa = PBXGroup;
			children = (
				BEA22311285A5FDD0068280A /* Custom photos collection.app */,
			);
			name = Products;
			sourceTree = "<group>";
		};
		BEA22313285A5FDD0068280A /* Custom photos collection */ = {
			isa = PBXGroup;
			children = (
				BEA22314285A5FDD0068280A /* AppDelegate.swift */,
				BEA22316285A5FDD0068280A /* SceneDelegate.swift */,
				BEBE8F87285BBED0002816FC /* NetworkService.swift */,
				BEBE8F89285BC143002816FC /* Albums.swift */,
				BEA22318285A5FDD0068280A /* CollectionVC.swift */,
				BEBE8F83285B2F21002816FC /* ImageCell.swift */,
				BEBE8F81285B23A2002816FC /* NumberCell.swift */,
				BEBE8F85285B37BA002816FC /* SelfConfiguringCell.swift */,
				BEA2231D285A5FE10068280A /* Assets.xcassets */,
				BEA2231F285A5FE10068280A /* LaunchScreen.storyboard */,
				BEA22322285A5FE10068280A /* Info.plist */,
			);
			path = "Custom photos collection";
			sourceTree = "<group>";
		};
/* End PBXGroup section */

/* Begin PBXNativeTarget section */
		BEA22310285A5FDD0068280A /* Custom photos collection */ = {
			isa = PBXNativeTarget;
			buildConfigurationList = BEA22325285A5FE10068280A /* Build configuration list for PBXNativeTarget "Custom photos collection" */;
			buildPhases = (
				BEA2230D285A5FDD0068280A /* Sources */,
				BEA2230E285A5FDD0068280A /* Frameworks */,
				BEA2230F285A5FDD0068280A /* Resources */,
			);
			buildRules = (
			);
			dependencies = (
			);
			name = "Custom photos collection";
			productName = "Custom photos collection";
			productReference = BEA22311285A5FDD0068280A /* Custom photos collection.app */;
			productType = "com.apple.product-type.application";
		};
/* End PBXNativeTarget section */

/* Begin PBXProject section */
		BEA22309285A5FDD0068280A /* Project object */ = {
			isa = PBXProject;
			attributes = {
				BuildIndependentTargetsInParallel = 1;
				LastSwiftUpdateCheck = 1340;
				LastUpgradeCheck = 1340;
				TargetAttributes = {
					BEA22310285A5FDD0068280A = {
						CreatedOnToolsVersion = 13.4.1;
					};
				};
			};
			buildConfigurationList = BEA2230C285A5FDD0068280A /* Build configuration list for PBXProject "Custom photos collection" */;
			compatibilityVersion = "Xcode 13.0";
			developmentRegion = en;
			hasScannedForEncodings = 0;
			knownRegions = (
				en,
				Base,
			);
			mainGroup = BEA22308285A5FDD0068280A;
			productRefGroup = BEA22312285A5FDD0068280A /* Products */;
			projectDirPath = "";
			projectRoot = "";
			targets = (
				BEA22310285A5FDD0068280A /* Custom photos collection */,
			);
		};
/* End PBXProject section */

/* Begin PBXResourcesBuildPhase section */
		BEA2230F285A5FDD0068280A /* Resources */ = {
			isa = PBXResourcesBuildPhase;
			buildActionMask = 2147483647;
			files = (
				BEA22321285A5FE10068280A /* LaunchScreen.storyboard in Resources */,
				BEA2231E285A5FE10068280A /* Assets.xcassets in Resources */,
			);
			runOnlyForDeploymentPostprocessing = 0;
		};
/* End PBXResourcesBuildPhase section */

/* Begin PBXSourcesBuildPhase section */
		BEA2230D285A5FDD0068280A /* Sources */ = {
			isa = PBXSourcesBuildPhase;
			buildActionMask = 2147483647;
			files = (
				BEBE8F82285B23A2002816FC /* NumberCell.swift in Sources */,
				BEA22319285A5FDD0068280A /* CollectionVC.swift in Sources */,
				BEA22315285A5FDD0068280A /* AppDelegate.swift in Sources */,
				BEBE8F8A285BC143002816FC /* Albums.swift in Sources */,
				BEA22317285A5FDD0068280A /* SceneDelegate.swift in Sources */,
				BEBE8F84285B2F21002816FC /* ImageCell.swift in Sources */,
				BEBE8F86285B37BA002816FC /* SelfConfiguringCell.swift in Sources */,
				BEBE8F88285BBED0002816FC /* NetworkService.swift in Sources */,
			);
			runOnlyForDeploymentPostprocessing = 0;
		};
/* End PBXSourcesBuildPhase section */

/* Begin PBXVariantGroup section */
		BEA2231F285A5FE10068280A /* LaunchScreen.storyboard */ = {
			isa = PBXVariantGroup;
			children = (
				BEA22320285A5FE10068280A /* Base */,
			);
			name = LaunchScreen.storyboard;
			sourceTree = "<group>";
		};
/* End PBXVariantGroup section */

/* Begin XCBuildConfiguration section */
		BEA22323285A5FE10068280A /* Debug */ = {
			isa = XCBuildConfiguration;
			buildSettings = {
				ALWAYS_SEARCH_USER_PATHS = NO;
				CLANG_ANALYZER_NONNULL = YES;
				CLANG_ANALYZER_NUMBER_OBJECT_CONVERSION = YES_AGGRESSIVE;
				CLANG_CXX_LANGUAGE_STANDARD = "gnu++17";
				CLANG_ENABLE_MODULES = YES;
				CLANG_ENABLE_OBJC_ARC = YES;
				CLANG_ENABLE_OBJC_WEAK = YES;
				CLANG_WARN_BLOCK_CAPTURE_AUTORELEASING = YES;
				CLANG_WARN_BOOL_CONVERSION = YES;
				CLANG_WARN_COMMA = YES;
				CLANG_WARN_CONSTANT_CONVERSION = YES;
				CLANG_WARN_DEPRECATED_OBJC_IMPLEMENTATIONS = YES;
				CLANG_WARN_DIRECT_OBJC_ISA_USAGE = YES_ERROR;
				CLANG_WARN_DOCUMENTATION_COMMENTS = YES;
				CLANG_WARN_EMPTY_BODY = YES;
				CLANG_WARN_ENUM_CONVERSION = YES;
				CLANG_WARN_INFINITE_RECURSION = YES;
				CLANG_WARN_INT_CONVERSION = YES;
				CLANG_WARN_NON_LITERAL_NULL_CONVERSION = YES;
				CLANG_WARN_OBJC_IMPLICIT_RETAIN_SELF = YES;
				CLANG_WARN_OBJC_LITERAL_CONVERSION = YES;
				CLANG_WARN_OBJC_ROOT_CLASS = YES_ERROR;
				CLANG_WARN_QUOTED_INCLUDE_IN_FRAMEWORK_HEADER = YES;
				CLANG_WARN_RANGE_LOOP_ANALYSIS = YES;
				CLANG_WARN_STRICT_PROTOTYPES = YES;
				CLANG_WARN_SUSPICIOUS_MOVE = YES;
				CLANG_WARN_UNGUARDED_AVAILABILITY = YES_AGGRESSIVE;
				CLANG_WARN_UNREACHABLE_CODE = YES;
				CLANG_WARN__DUPLICATE_METHOD_MATCH = YES;
				COPY_PHASE_STRIP = NO;
				DEBUG_INFORMATION_FORMAT = dwarf;
				ENABLE_STRICT_OBJC_MSGSEND = YES;
				ENABLE_TESTABILITY = YES;
				GCC_C_LANGUAGE_STANDARD = gnu11;
				GCC_DYNAMIC_NO_PIC = NO;
				GCC_NO_COMMON_BLOCKS = YES;
				GCC_OPTIMIZATION_LEVEL = 0;
				GCC_PREPROCESSOR_DEFINITIONS = (
					"DEBUG=1",
					"$(inherited)",
				);
				GCC_WARN_64_TO_32_BIT_CONVERSION = YES;
				GCC_WARN_ABOUT_RETURN_TYPE = YES_ERROR;
				GCC_WARN_UNDECLARED_SELECTOR = YES;
				GCC_WARN_UNINITIALIZED_AUTOS = YES_AGGRESSIVE;
				GCC_WARN_UNUSED_FUNCTION = YES;
				GCC_WARN_UNUSED_VARIABLE = YES;
				IPHONEOS_DEPLOYMENT_TARGET = 15.5;
				MTL_ENABLE_DEBUG_INFO = INCLUDE_SOURCE;
				MTL_FAST_MATH = YES;
				ONLY_ACTIVE_ARCH = YES;
				SDKROOT = iphoneos;
				SWIFT_ACTIVE_COMPILATION_CONDITIONS = DEBUG;
				SWIFT_OPTIMIZATION_LEVEL = "-Onone";
			};
			name = Debug;
		};
		BEA22324285A5FE10068280A /* Release */ = {
			isa = XCBuildConfiguration;
			buildSettings = {
				ALWAYS_SEARCH_USER_PATHS = NO;
				CLANG_ANALYZER_NONNULL = YES;
				CLANG_ANALYZER_NUMBER_OBJECT_CONVERSION = YES_AGGRESSIVE;
				CLANG_CXX_LANGUAGE_STANDARD = "gnu++17";
				CLANG_ENABLE_MODULES = YES;
				CLANG_ENABLE_OBJC_ARC = YES;
				CLANG_ENABLE_OBJC_WEAK = YES;
				CLANG_WARN_BLOCK_CAPTURE_AUTORELEASING = YES;
				CLANG_WARN_BOOL_CONVERSION = YES;
				CLANG_WARN_COMMA = YES;
				CLANG_WARN_CONSTANT_CONVERSION = YES;
				CLANG_WARN_DEPRECATED_OBJC_IMPLEMENTATIONS = YES;
				CLANG_WARN_DIRECT_OBJC_ISA_USAGE = YES_ERROR;
				CLANG_WARN_DOCUMENTATION_COMMENTS = YES;
				CLANG_WARN_EMPTY_BODY = YES;
				CLANG_WARN_ENUM_CONVERSION = YES;
				CLANG_WARN_INFINITE_RECURSION = YES;
				CLANG_WARN_INT_CONVERSION = YES;
				CLANG_WARN_NON_LITERAL_NULL_CONVERSION = YES;
				CLANG_WARN_OBJC_IMPLICIT_RETAIN_SELF = YES;
				CLANG_WARN_OBJC_LITERAL_CONVERSION = YES;
				CLANG_WARN_OBJC_ROOT_CLASS = YES_ERROR;
				CLANG_WARN_QUOTED_INCLUDE_IN_FRAMEWORK_HEADER = YES;
				CLANG_WARN_RANGE_LOOP_ANALYSIS = YES;
				CLANG_WARN_STRICT_PROTOTYPES = YES;
				CLANG_WARN_SUSPICIOUS_MOVE = YES;
				CLANG_WARN_UNGUARDED_AVAILABILITY = YES_AGGRESSIVE;
				CLANG_WARN_UNREACHABLE_CODE = YES;
				CLANG_WARN__DUPLICATE_METHOD_MATCH = YES;
				COPY_PHASE_STRIP = NO;
				DEBUG_INFORMATION_FORMAT = "dwarf-with-dsym";
				ENABLE_NS_ASSERTIONS = NO;
				ENABLE_STRICT_OBJC_MSGSEND = YES;
				GCC_C_LANGUAGE_STANDARD = gnu11;
				GCC_NO_COMMON_BLOCKS = YES;
				GCC_WARN_64_TO_32_BIT_CONVERSION = YES;
				GCC_WARN_ABOUT_RETURN_TYPE = YES_ERROR;
				GCC_WARN_UNDECLARED_SELECTOR = YES;
				GCC_WARN_UNINITIALIZED_AUTOS = YES_AGGRESSIVE;
				GCC_WARN_UNUSED_FUNCTION = YES;
				GCC_WARN_UNUSED_VARIABLE = YES;
				IPHONEOS_DEPLOYMENT_TARGET = 15.5;
				MTL_ENABLE_DEBUG_INFO = NO;
				MTL_FAST_MATH = YES;
				SDKROOT = iphoneos;
				SWIFT_COMPILATION_MODE = wholemodule;
				SWIFT_OPTIMIZATION_LEVEL = "-O";
				VALIDATE_PRODUCT = YES;
			};
			name = Release;
		};
		BEA22326285A5FE10068280A /* Debug */ = {
			isa = XCBuildConfiguration;
			buildSettings = {
				ASSETCATALOG_COMPILER_APPICON_NAME = AppIcon;
				ASSETCATALOG_COMPILER_GLOBAL_ACCENT_COLOR_NAME = AccentColor;
				CODE_SIGN_STYLE = Automatic;
				CURRENT_PROJECT_VERSION = 1;
				DEVELOPMENT_TEAM = H5W6DUL8QB;
				GENERATE_INFOPLIST_FILE = YES;
				INFOPLIST_FILE = "Custom photos collection/Info.plist";
				INFOPLIST_KEY_UIApplicationSupportsIndirectInputEvents = YES;
				INFOPLIST_KEY_UILaunchStoryboardName = LaunchScreen;
				INFOPLIST_KEY_UISupportedInterfaceOrientations_iPad = "UIInterfaceOrientationPortrait UIInterfaceOrientationPortraitUpsideDown UIInterfaceOrientationLandscapeLeft UIInterfaceOrientationLandscapeRight";
				INFOPLIST_KEY_UISupportedInterfaceOrientations_iPhone = "UIInterfaceOrientationPortrait UIInterfaceOrientationLandscapeLeft UIInterfaceOrientationLandscapeRight";
				LD_RUNPATH_SEARCH_PATHS = (
					"$(inherited)",
					"@executable_path/Frameworks",
				);
				MARKETING_VERSION = 1.0;
				PRODUCT_BUNDLE_IDENTIFIER = "Vinyar-project.Custom-photos-collection";
				PRODUCT_NAME = "$(TARGET_NAME)";
				SWIFT_EMIT_LOC_STRINGS = YES;
				SWIFT_VERSION = 5.0;
				TARGETED_DEVICE_FAMILY = "1,2";
			};
			name = Debug;
		};
		BEA22327285A5FE10068280A /* Release */ = {
			isa = XCBuildConfiguration;
			buildSettings = {
				ASSETCATALOG_COMPILER_APPICON_NAME = AppIcon;
				ASSETCATALOG_COMPILER_GLOBAL_ACCENT_COLOR_NAME = AccentColor;
				CODE_SIGN_STYLE = Automatic;
				CURRENT_PROJECT_VERSION = 1;
				DEVELOPMENT_TEAM = H5W6DUL8QB;
				GENERATE_INFOPLIST_FILE = YES;
				INFOPLIST_FILE = "Custom photos collection/Info.plist";
				INFOPLIST_KEY_UIApplicationSupportsIndirectInputEvents = YES;
				INFOPLIST_KEY_UILaunchStoryboardName = LaunchScreen;
				INFOPLIST_KEY_UISupportedInterfaceOrientations_iPad = "UIInterfaceOrientationPortrait UIInterfaceOrientationPortraitUpsideDown UIInterfaceOrientationLandscapeLeft UIInterfaceOrientationLandscapeRight";
				INFOPLIST_KEY_UISupportedInterfaceOrientations_iPhone = "UIInterfaceOrientationPortrait UIInterfaceOrientationLandscapeLeft UIInterfaceOrientationLandscapeRight";
				LD_RUNPATH_SEARCH_PATHS = (
					"$(inherited)",
					"@executable_path/Frameworks",
				);
				MARKETING_VERSION = 1.0;
				PRODUCT_BUNDLE_IDENTIFIER = "Vinyar-project.Custom-photos-collection";
				PRODUCT_NAME = "$(TARGET_NAME)";
				SWIFT_EMIT_LOC_STRINGS = YES;
				SWIFT_VERSION = 5.0;
				TARGETED_DEVICE_FAMILY = "1,2";
			};
			name = Release;
		};
/* End XCBuildConfiguration section */

/* Begin XCConfigurationList section */
		BEA2230C285A5FDD0068280A /* Build configuration list for PBXProject "Custom photos collection" */ = {
			isa = XCConfigurationList;
			buildConfigurations = (
				BEA22323285A5FE10068280A /* Debug */,
				BEA22324285A5FE10068280A /* Release */,
			);
			defaultConfigurationIsVisible = 0;
			defaultConfigurationName = Release;
		};
		BEA22325285A5FE10068280A /* Build configuration list for PBXNativeTarget "Custom photos collection" */ = {
			isa = XCConfigurationList;
			buildConfigurations = (
				BEA22326285A5FE10068280A /* Debug */,
				BEA22327285A5FE10068280A /* Release */,
			);
			defaultConfigurationIsVisible = 0;
			defaultConfigurationName = Release;
		};
/* End XCConfigurationList section */
	};
	rootObject = BEA22309285A5FDD0068280A /* Project object */;
}
